
Microsoft Visual Studio Solution File, Format Version 12.00
# Visual Studio Version 17
VisualStudioVersion = 17.5.33424.131
MinimumVisualStudioVersion = 10.0.40219.1
Project("{FAE04EC0-301F-11D3-BF4B-00C04F79EFBC}") = "FinanceManagement", "FinanceManagement.csproj", "{731450B5-B7DB-415E-AE84-6FA7B4EF160E}"
EndProject
Global
	GlobalSection(SolutionConfigurationPlatforms) = preSolution
		Debug|Any CPU = Debug|Any CPU
		Release|Any CPU = Release|Any CPU
	EndGlobalSection
	GlobalSection(ProjectConfigurationPlatforms) = postSolution
		{731450B5-B7DB-415E-AE84-6FA7B4EF160E}.Debug|Any CPU.ActiveCfg = Debug|Any CPU
		{731450B5-B7DB-415E-AE84-6FA7B4EF160E}.Debug|Any CPU.Build.0 = Debug|Any CPU
		{731450B5-B7DB-415E-AE84-6FA7B4EF160E}.Release|Any CPU.ActiveCfg = Release|Any CPU
		{731450B5-B7DB-415E-AE84-6FA7B4EF160E}.Release|Any CPU.Build.0 = Release|Any CPU
	EndGlobalSection
	GlobalSection(SolutionProperties) = preSolution
		HideSolutionNode = FALSE
	EndGlobalSection
	GlobalSection(ExtensibilityGlobals) = postSolution
		SolutionGuid = {25CDA972-6E67-4361-B58A-5F4B62DC2EB0}
	EndGlobalSection
EndGlobal
